
Microsoft Visual Studio Solution File, Format Version 11.00
# Visual Studio 2010
Project("{FAE04EC0-301F-11D3-BF4B-00C04F79EFBC}") = "Assembly-CSharp", "Assembly-CSharp.csproj", "{DBFA5164-F499-34A1-0479-D516FD413628}"
EndProject
Project("{FAE04EC0-301F-11D3-BF4B-00C04F79EFBC}") = "Assembly-CSharp-Editor", "Assembly-CSharp-Editor.csproj", "{56710A12-A3A2-CDF9-68EE-FA01D5F324B1}"
EndProject
Global
	GlobalSection(SolutionConfigurationPlatforms) = preSolution
		Debug|Any CPU = Debug|Any CPU
		Release|Any CPU = Release|Any CPU
	EndGlobalSection
	GlobalSection(ProjectConfigurationPlatforms) = postSolution
		{DBFA5164-F499-34A1-0479-D516FD413628}.Debug|Any CPU.ActiveCfg = Debug|Any CPU
		{DBFA5164-F499-34A1-0479-D516FD413628}.Debug|Any CPU.Build.0 = Debug|Any CPU
		{DBFA5164-F499-34A1-0479-D516FD413628}.Release|Any CPU.ActiveCfg = Release|Any CPU
		{DBFA5164-F499-34A1-0479-D516FD413628}.Release|Any CPU.Build.0 = Release|Any CPU
		{56710A12-A3A2-CDF9-68EE-FA01D5F324B1}.Debug|Any CPU.ActiveCfg = Debug|Any CPU
		{56710A12-A3A2-CDF9-68EE-FA01D5F324B1}.Debug|Any CPU.Build.0 = Debug|Any CPU
		{56710A12-A3A2-CDF9-68EE-FA01D5F324B1}.Release|Any CPU.ActiveCfg = Release|Any CPU
		{56710A12-A3A2-CDF9-68EE-FA01D5F324B1}.Release|Any CPU.Build.0 = Release|Any CPU
	EndGlobalSection
	GlobalSection(SolutionProperties) = preSolution
		HideSolutionNode = FALSE
	EndGlobalSection
	GlobalSection(MonoDevelopProperties) = preSolution
		StartupItem = Assembly-CSharp.csproj
	EndGlobalSection
EndGlobal
